
// !$*UTF8*$!
{
	archiveVersion = 1;
	classes = {
	};
	objectVersion = 51;
	objects = {

/* Begin PBXBuildFile section */
		356CA83B46B2F95008A30CA0 /* Pods_Stock.framework in Frameworks */ = {isa = PBXBuildFile; fileRef = 0E1ABF87FC2244DE153716D6 /* Pods_Stock.framework */; };
		DBC93C622643E62800213C0A /* AppDelegate.swift in Sources */ = {isa = PBXBuildFile; fileRef = DBC93C612643E62800213C0A /* AppDelegate.swift */; };
		DBC93C642643E62800213C0A /* SceneDelegate.swift in Sources */ = {isa = PBXBuildFile; fileRef = DBC93C632643E62800213C0A /* SceneDelegate.swift */; };
		DBC93C6B2643E62E00213C0A /* Assets.xcassets in Resources */ = {isa = PBXBuildFile; fileRef = DBC93C6A2643E62E00213C0A /* Assets.xcassets */; };
		DBC93C6E2643E62E00213C0A /* LaunchScreen.storyboard in Resources */ = {isa = PBXBuildFile; fileRef = DBC93C6C2643E62E00213C0A /* LaunchScreen.storyboard */; };
		DBC93C7C2643E9D100213C0A /* StockListVC.swift in Sources */ = {isa = PBXBuildFile; fileRef = DBC93C7B2643E9D100213C0A /* StockListVC.swift */; };
		DBC93C7F2643EA0F00213C0A /* StockInfoVC.swift in Sources */ = {isa = PBXBuildFile; fileRef = DBC93C7E2643EA0F00213C0A /* StockInfoVC.swift */; };
		DBC93C892643EC3C00213C0A /* StockCell.swift in Sources */ = {isa = PBXBuildFile; fileRef = DBC93C882643EC3C00213C0A /* StockCell.swift */; };
		DBC93C8C2643F63700213C0A /* List.swift in Sources */ = {isa = PBXBuildFile; fileRef = DBC93C8B2643F63700213C0A /* List.swift */; };
		DBC93C8F2643F71E00213C0A /* Stock.swift in Sources */ = {isa = PBXBuildFile; fileRef = DBC93C8E2643F71E00213C0A /* Stock.swift */; };
		DBC93C982643F8D000213C0A /* NetworkManager.swift in Sources */ = {isa = PBXBuildFile; fileRef = DBC93C972643F8D000213C0A /* NetworkManager.swift */; };
		DBC93C9C2643F9D600213C0A /* ErrorMessage.swift in Sources */ = {isa = PBXBuildFile; fileRef = DBC93C9B2643F9D600213C0A /* ErrorMessage.swift */; };
/* End PBXBuildFile section */

/* Begin PBXFileReference section */
		0E1ABF87FC2244DE153716D6 /* Pods_Stock.framework */ = {isa = PBXFileReference; explicitFileType = wrapper.framework; includeInIndex = 0; path = Pods_Stock.framework; sourceTree = BUILT_PRODUCTS_DIR; };
		294E4F468CC04899CED6A988 /* Pods-Stock.release.xcconfig */ = {isa = PBXFileReference; includeInIndex = 1; lastKnownFileType = text.xcconfig; name = "Pods-Stock.release.xcconfig"; path = "Target Support Files/Pods-Stock/Pods-Stock.release.xcconfig"; sourceTree = "<group>"; };
		768E567062D3EB77D1AFBF18 /* Pods-Stock.debug.xcconfig */ = {isa = PBXFileReference; includeInIndex = 1; lastKnownFileType = text.xcconfig; name = "Pods-Stock.debug.xcconfig"; path = "Target Support Files/Pods-Stock/Pods-Stock.debug.xcconfig"; sourceTree = "<group>"; };
		DBC93C5E2643E62800213C0A /* Stock.app */ = {isa = PBXFileReference; explicitFileType = wrapper.application; includeInIndex = 0; path = Stock.app; sourceTree = BUILT_PRODUCTS_DIR; };
		DBC93C612643E62800213C0A /* AppDelegate.swift */ = {isa = PBXFileReference; lastKnownFileType = sourcecode.swift; path = AppDelegate.swift; sourceTree = "<group>"; };
		DBC93C632643E62800213C0A /* SceneDelegate.swift */ = {isa = PBXFileReference; lastKnownFileType = sourcecode.swift; path = SceneDelegate.swift; sourceTree = "<group>"; };
		DBC93C6A2643E62E00213C0A /* Assets.xcassets */ = {isa = PBXFileReference; lastKnownFileType = folder.assetcatalog; path = Assets.xcassets; sourceTree = "<group>"; };
		DBC93C6D2643E62E00213C0A /* Base */ = {isa = PBXFileReference; lastKnownFileType = file.storyboard; name = Base; path = Base.lproj/LaunchScreen.storyboard; sourceTree = "<group>"; };
		DBC93C6F2643E62E00213C0A /* Info.plist */ = {isa = PBXFileReference; lastKnownFileType = text.plist.xml; path = Info.plist; sourceTree = "<group>"; };
		DBC93C7B2643E9D100213C0A /* StockListVC.swift */ = {isa = PBXFileReference; lastKnownFileType = sourcecode.swift; path = StockListVC.swift; sourceTree = "<group>"; };
		DBC93C7E2643EA0F00213C0A /* StockInfoVC.swift */ = {isa = PBXFileReference; lastKnownFileType = sourcecode.swift; path = StockInfoVC.swift; sourceTree = "<group>"; };
		DBC93C882643EC3C00213C0A /* StockCell.swift */ = {isa = PBXFileReference; lastKnownFileType = sourcecode.swift; path = StockCell.swift; sourceTree = "<group>"; };
		DBC93C8B2643F63700213C0A /* List.swift */ = {isa = PBXFileReference; lastKnownFileType = sourcecode.swift; path = List.swift; sourceTree = "<group>"; };
		DBC93C8E2643F71E00213C0A /* Stock.swift */ = {isa = PBXFileReference; lastKnownFileType = sourcecode.swift; path = Stock.swift; sourceTree = "<group>"; };
		DBC93C972643F8D000213C0A /* NetworkManager.swift */ = {isa = PBXFileReference; lastKnownFileType = sourcecode.swift; path = NetworkManager.swift; sourceTree = "<group>"; };
		DBC93C9B2643F9D600213C0A /* ErrorMessage.swift */ = {isa = PBXFileReference; lastKnownFileType = sourcecode.swift; path = ErrorMessage.swift; sourceTree = "<group>"; };
/* End PBXFileReference section */

/* Begin PBXFrameworksBuildPhase section */
		DBC93C5B2643E62800213C0A /* Frameworks */ = {
			isa = PBXFrameworksBuildPhase;
			buildActionMask = 2147483647;
			files = (
				356CA83B46B2F95008A30CA0 /* Pods_Stock.framework in Frameworks */,
			);
			runOnlyForDeploymentPostprocessing = 0;
		};
/* End PBXFrameworksBuildPhase section */

/* Begin PBXGroup section */
		05163C62C98ADD533E73A20D /* Pods */ = {
			isa = PBXGroup;
			children = (
				768E567062D3EB77D1AFBF18 /* Pods-Stock.debug.xcconfig */,
				294E4F468CC04899CED6A988 /* Pods-Stock.release.xcconfig */,
			);
			path = Pods;
			sourceTree = "<group>";
		};
		7916B2C723864C0F78693E06 /* Frameworks */ = {
			isa = PBXGroup;
			children = (
				0E1ABF87FC2244DE153716D6 /* Pods_Stock.framework */,
			);
			name = Frameworks;
			sourceTree = "<group>";
		};
		DBC93C552643E62800213C0A = {
			isa = PBXGroup;
			children = (
				DBC93C602643E62800213C0A /* Stock */,
				DBC93C5F2643E62800213C0A /* Products */,
				05163C62C98ADD533E73A20D /* Pods */,
				7916B2C723864C0F78693E06 /* Frameworks */,
			);
			sourceTree = "<group>";
		};
		DBC93C5F2643E62800213C0A /* Products */ = {
			isa = PBXGroup;
			children = (
				DBC93C5E2643E62800213C0A /* Stock.app */,
			);
			name = Products;
			sourceTree = "<group>";
		};
		DBC93C602643E62800213C0A /* Stock */ = {
			isa = PBXGroup;
			children = (
				DBC93C9A2643F9C100213C0A /* Utility */,
				DBC93C952643F87800213C0A /* Support */,
				DBC93C942643F87200213C0A /* Model */,
				DBC93C932643F86700213C0A /* Custom view */,
				DBC93C922643F85E00213C0A /* Manager */,
				DBC93C912643F85700213C0A /* Screen */,
			);
			path = Stock;
			sourceTree = "<group>";
		};
		DBC93C912643F85700213C0A /* Screen */ = {
			isa = PBXGroup;
			children = (
				DBC93C7B2643E9D100213C0A /* StockListVC.swift */,
				DBC93C7E2643EA0F00213C0A /* StockInfoVC.swift */,
			);
			name = Screen;
			sourceTree = "<group>";
		};
		DBC93C922643F85E00213C0A /* Manager */ = {
			isa = PBXGroup;
			children = (
				DBC93C972643F8D000213C0A /* NetworkManager.swift */,
			);
			path = Manager;
			sourceTree = "<group>";
		};
		DBC93C932643F86700213C0A /* Custom view */ = {
			isa = PBXGroup;
			children = (
				DBC93C882643EC3C00213C0A /* StockCell.swift */,
			);
			name = "Custom view";
			sourceTree = "<group>";
		};
		DBC93C942643F87200213C0A /* Model */ = {
			isa = PBXGroup;
			children = (
				DBC93C8B2643F63700213C0A /* List.swift */,
				DBC93C8E2643F71E00213C0A /* Stock.swift */,
			);
			path = Model;
			sourceTree = "<group>";
		};
		DBC93C952643F87800213C0A /* Support */ = {
			isa = PBXGroup;
			children = (
				DBC93C612643E62800213C0A /* AppDelegate.swift */,
				DBC93C632643E62800213C0A /* SceneDelegate.swift */,
				DBC93C6A2643E62E00213C0A /* Assets.xcassets */,
				DBC93C6C2643E62E00213C0A /* LaunchScreen.storyboard */,
				DBC93C6F2643E62E00213C0A /* Info.plist */,
			);
			name = Support;
			sourceTree = "<group>";
		};
		DBC93C9A2643F9C100213C0A /* Utility */ = {
			isa = PBXGroup;
			children = (
				DBC93C9B2643F9D600213C0A /* ErrorMessage.swift */,
			);
			path = Utility;
			sourceTree = "<group>";
		};
/* End PBXGroup section */

/* Begin PBXNativeTarget section */
		DBC93C5D2643E62800213C0A /* Stock */ = {
			isa = PBXNativeTarget;
			buildConfigurationList = DBC93C722643E62E00213C0A /* Build configuration list for PBXNativeTarget "Stock" */;
			buildPhases = (
				FF434F1A7E008D7979C0BE90 /* [CP] Check Pods Manifest.lock */,
				DBC93C5A2643E62800213C0A /* Sources */,
				DBC93C5B2643E62800213C0A /* Frameworks */,
				DBC93C5C2643E62800213C0A /* Resources */,
				91603B975AB238F3A587A4F2 /* [CP] Embed Pods Frameworks */,
			);
			buildRules = (
			);
			dependencies = (
			);
			name = Stock;
			productName = Stock;
			productReference = DBC93C5E2643E62800213C0A /* Stock.app */;
			productType = "com.apple.product-type.application";
		};
/* End PBXNativeTarget section */

/* Begin PBXProject section */
		DBC93C562643E62800213C0A /* Project object */ = {
			isa = PBXProject;
			attributes = {
				LastSwiftUpdateCheck = 1230;
				LastUpgradeCheck = 1230;
				TargetAttributes = {
					DBC93C5D2643E62800213C0A = {
						CreatedOnToolsVersion = 12.3;
					};
				};
			};
			buildConfigurationList = DBC93C592643E62800213C0A /* Build configuration list for PBXProject "Stock" */;
			compatibilityVersion = "Xcode 9.3";
			developmentRegion = en;
			hasScannedForEncodings = 0;
			knownRegions = (
				en,
				Base,
			);
			mainGroup = DBC93C552643E62800213C0A;
			productRefGroup = DBC93C5F2643E62800213C0A /* Products */;
			projectDirPath = "";
			projectRoot = "";
			targets = (
				DBC93C5D2643E62800213C0A /* Stock */,
			);
		};
/* End PBXProject section */

/* Begin PBXResourcesBuildPhase section */
		DBC93C5C2643E62800213C0A /* Resources */ = {
			isa = PBXResourcesBuildPhase;
			buildActionMask = 2147483647;
			files = (
				DBC93C6E2643E62E00213C0A /* LaunchScreen.storyboard in Resources */,
				DBC93C6B2643E62E00213C0A /* Assets.xcassets in Resources */,
			);
			runOnlyForDeploymentPostprocessing = 0;
		};
/* End PBXResourcesBuildPhase section */

/* Begin PBXShellScriptBuildPhase section */
		91603B975AB238F3A587A4F2 /* [CP] Embed Pods Frameworks */ = {
			isa = PBXShellScriptBuildPhase;
			buildActionMask = 2147483647;
			files = (
			);
			inputFileListPaths = (
				"${PODS_ROOT}/Target Support Files/Pods-Stock/Pods-Stock-frameworks-${CONFIGURATION}-input-files.xcfilelist",
			);
			name = "[CP] Embed Pods Frameworks";
			outputFileListPaths = (
				"${PODS_ROOT}/Target Support Files/Pods-Stock/Pods-Stock-frameworks-${CONFIGURATION}-output-files.xcfilelist",
			);
			runOnlyForDeploymentPostprocessing = 0;
			shellPath = /bin/sh;
			shellScript = "\"${PODS_ROOT}/Target Support Files/Pods-Stock/Pods-Stock-frameworks.sh\"\n";
			showEnvVarsInLog = 0;
		};
		FF434F1A7E008D7979C0BE90 /* [CP] Check Pods Manifest.lock */ = {
			isa = PBXShellScriptBuildPhase;
			buildActionMask = 2147483647;
			files = (
			);
			inputFileListPaths = (
			);
			inputPaths = (
				"${PODS_PODFILE_DIR_PATH}/Podfile.lock",
				"${PODS_ROOT}/Manifest.lock",
			);
			name = "[CP] Check Pods Manifest.lock";
			outputFileListPaths = (
			);
			outputPaths = (
				"$(DERIVED_FILE_DIR)/Pods-Stock-checkManifestLockResult.txt",
			);
			runOnlyForDeploymentPostprocessing = 0;
			shellPath = /bin/sh;
			shellScript = "diff \"${PODS_PODFILE_DIR_PATH}/Podfile.lock\" \"${PODS_ROOT}/Manifest.lock\" > /dev/null\nif [ $? != 0 ] ; then\n    # print error to STDERR\n    echo \"error: The sandbox is not in sync with the Podfile.lock. Run 'pod install' or update your CocoaPods installation.\" >&2\n    exit 1\nfi\n# This output is used by Xcode 'outputs' to avoid re-running this script phase.\necho \"SUCCESS\" > \"${SCRIPT_OUTPUT_FILE_0}\"\n";
			showEnvVarsInLog = 0;
		};
/* End PBXShellScriptBuildPhase section */

/* Begin PBXSourcesBuildPhase section */
		DBC93C5A2643E62800213C0A /* Sources */ = {
			isa = PBXSourcesBuildPhase;
			buildActionMask = 2147483647;
			files = (
				DBC93C7F2643EA0F00213C0A /* StockInfoVC.swift in Sources */,
				DBC93C7C2643E9D100213C0A /* StockListVC.swift in Sources */,
				DBC93C622643E62800213C0A /* AppDelegate.swift in Sources */,
				DBC93C8F2643F71E00213C0A /* Stock.swift in Sources */,
				DBC93C9C2643F9D600213C0A /* ErrorMessage.swift in Sources */,
				DBC93C982643F8D000213C0A /* NetworkManager.swift in Sources */,
				DBC93C642643E62800213C0A /* SceneDelegate.swift in Sources */,
				DBC93C892643EC3C00213C0A /* StockCell.swift in Sources */,
				DBC93C8C2643F63700213C0A /* List.swift in Sources */,
			);
			runOnlyForDeploymentPostprocessing = 0;
		};
/* End PBXSourcesBuildPhase section */

/* Begin PBXVariantGroup section */
		DBC93C6C2643E62E00213C0A /* LaunchScreen.storyboard */ = {
			isa = PBXVariantGroup;
			children = (
				DBC93C6D2643E62E00213C0A /* Base */,
			);
			name = LaunchScreen.storyboard;
			sourceTree = "<group>";
		};
/* End PBXVariantGroup section */

/* Begin XCBuildConfiguration section */
		DBC93C702643E62E00213C0A /* Debug */ = {
			isa = XCBuildConfiguration;
			buildSettings = {
				ALWAYS_SEARCH_USER_PATHS = NO;
				CLANG_ANALYZER_NONNULL = YES;
				CLANG_ANALYZER_NUMBER_OBJECT_CONVERSION = YES_AGGRESSIVE;
				CLANG_CXX_LANGUAGE_STANDARD = "gnu++14";
				CLANG_CXX_LIBRARY = "libc++";
				CLANG_ENABLE_MODULES = YES;
				CLANG_ENABLE_OBJC_ARC = YES;
				CLANG_ENABLE_OBJC_WEAK = YES;
				CLANG_WARN_BLOCK_CAPTURE_AUTORELEASING = YES;
				CLANG_WARN_BOOL_CONVERSION = YES;
				CLANG_WARN_COMMA = YES;
				CLANG_WARN_CONSTANT_CONVERSION = YES;
				CLANG_WARN_DEPRECATED_OBJC_IMPLEMENTATIONS = YES;
				CLANG_WARN_DIRECT_OBJC_ISA_USAGE = YES_ERROR;
				CLANG_WARN_DOCUMENTATION_COMMENTS = YES;
				CLANG_WARN_EMPTY_BODY = YES;
				CLANG_WARN_ENUM_CONVERSION = YES;
				CLANG_WARN_INFINITE_RECURSION = YES;
				CLANG_WARN_INT_CONVERSION = YES;
				CLANG_WARN_NON_LITERAL_NULL_CONVERSION = YES;
				CLANG_WARN_OBJC_IMPLICIT_RETAIN_SELF = YES;
				CLANG_WARN_OBJC_LITERAL_CONVERSION = YES;
				CLANG_WARN_OBJC_ROOT_CLASS = YES_ERROR;
				CLANG_WARN_QUOTED_INCLUDE_IN_FRAMEWORK_HEADER = YES;
				CLANG_WARN_RANGE_LOOP_ANALYSIS = YES;
				CLANG_WARN_STRICT_PROTOTYPES = YES;
				CLANG_WARN_SUSPICIOUS_MOVE = YES;
				CLANG_WARN_UNGUARDED_AVAILABILITY = YES_AGGRESSIVE;
				CLANG_WARN_UNREACHABLE_CODE = YES;
				CLANG_WARN__DUPLICATE_METHOD_MATCH = YES;
				COPY_PHASE_STRIP = NO;
				DEBUG_INFORMATION_FORMAT = dwarf;
				ENABLE_STRICT_OBJC_MSGSEND = YES;
				ENABLE_TESTABILITY = YES;
				GCC_C_LANGUAGE_STANDARD = gnu11;
				GCC_DYNAMIC_NO_PIC = NO;
				GCC_NO_COMMON_BLOCKS = YES;
				GCC_OPTIMIZATION_LEVEL = 0;
				GCC_PREPROCESSOR_DEFINITIONS = (
					"DEBUG=1",
					"$(inherited)",
				);
				GCC_WARN_64_TO_32_BIT_CONVERSION = YES;
				GCC_WARN_ABOUT_RETURN_TYPE = YES_ERROR;
				GCC_WARN_UNDECLARED_SELECTOR = YES;
				GCC_WARN_UNINITIALIZED_AUTOS = YES_AGGRESSIVE;
				GCC_WARN_UNUSED_FUNCTION = YES;
				GCC_WARN_UNUSED_VARIABLE = YES;
				IPHONEOS_DEPLOYMENT_TARGET = 14.3;
				MTL_ENABLE_DEBUG_INFO = INCLUDE_SOURCE;
				MTL_FAST_MATH = YES;
				ONLY_ACTIVE_ARCH = YES;
				SDKROOT = iphoneos;
				SWIFT_ACTIVE_COMPILATION_CONDITIONS = DEBUG;
				SWIFT_OPTIMIZATION_LEVEL = "-Onone";
			};
			name = Debug;
		};
		DBC93C712643E62E00213C0A /* Release */ = {
			isa = XCBuildConfiguration;
			buildSettings = {
				ALWAYS_SEARCH_USER_PATHS = NO;
				CLANG_ANALYZER_NONNULL = YES;
				CLANG_ANALYZER_NUMBER_OBJECT_CONVERSION = YES_AGGRESSIVE;
				CLANG_CXX_LANGUAGE_STANDARD = "gnu++14";
				CLANG_CXX_LIBRARY = "libc++";
				CLANG_ENABLE_MODULES = YES;
				CLANG_ENABLE_OBJC_ARC = YES;
				CLANG_ENABLE_OBJC_WEAK = YES;
				CLANG_WARN_BLOCK_CAPTURE_AUTORELEASING = YES;
				CLANG_WARN_BOOL_CONVERSION = YES;
				CLANG_WARN_COMMA = YES;
				CLANG_WARN_CONSTANT_CONVERSION = YES;
				CLANG_WARN_DEPRECATED_OBJC_IMPLEMENTATIONS = YES;
				CLANG_WARN_DIRECT_OBJC_ISA_USAGE = YES_ERROR;
				CLANG_WARN_DOCUMENTATION_COMMENTS = YES;
				CLANG_WARN_EMPTY_BODY = YES;
				CLANG_WARN_ENUM_CONVERSION = YES;
				CLANG_WARN_INFINITE_RECURSION = YES;
				CLANG_WARN_INT_CONVERSION = YES;
				CLANG_WARN_NON_LITERAL_NULL_CONVERSION = YES;
				CLANG_WARN_OBJC_IMPLICIT_RETAIN_SELF = YES;
				CLANG_WARN_OBJC_LITERAL_CONVERSION = YES;
				CLANG_WARN_OBJC_ROOT_CLASS = YES_ERROR;
				CLANG_WARN_QUOTED_INCLUDE_IN_FRAMEWORK_HEADER = YES;
				CLANG_WARN_RANGE_LOOP_ANALYSIS = YES;
				CLANG_WARN_STRICT_PROTOTYPES = YES;
				CLANG_WARN_SUSPICIOUS_MOVE = YES;
				CLANG_WARN_UNGUARDED_AVAILABILITY = YES_AGGRESSIVE;
				CLANG_WARN_UNREACHABLE_CODE = YES;
				CLANG_WARN__DUPLICATE_METHOD_MATCH = YES;
				COPY_PHASE_STRIP = NO;
				DEBUG_INFORMATION_FORMAT = "dwarf-with-dsym";
				ENABLE_NS_ASSERTIONS = NO;
				ENABLE_STRICT_OBJC_MSGSEND = YES;
				GCC_C_LANGUAGE_STANDARD = gnu11;
				GCC_NO_COMMON_BLOCKS = YES;
				GCC_WARN_64_TO_32_BIT_CONVERSION = YES;
				GCC_WARN_ABOUT_RETURN_TYPE = YES_ERROR;
				GCC_WARN_UNDECLARED_SELECTOR = YES;
				GCC_WARN_UNINITIALIZED_AUTOS = YES_AGGRESSIVE;
				GCC_WARN_UNUSED_FUNCTION = YES;
				GCC_WARN_UNUSED_VARIABLE = YES;
				IPHONEOS_DEPLOYMENT_TARGET = 14.3;
				MTL_ENABLE_DEBUG_INFO = NO;
				MTL_FAST_MATH = YES;
				SDKROOT = iphoneos;
				SWIFT_COMPILATION_MODE = wholemodule;
				SWIFT_OPTIMIZATION_LEVEL = "-O";
				VALIDATE_PRODUCT = YES;
			};
			name = Release;
		};
		DBC93C732643E62E00213C0A /* Debug */ = {
			isa = XCBuildConfiguration;
			baseConfigurationReference = 768E567062D3EB77D1AFBF18 /* Pods-Stock.debug.xcconfig */;
			buildSettings = {
				ASSETCATALOG_COMPILER_APPICON_NAME = AppIcon;
				ASSETCATALOG_COMPILER_GLOBAL_ACCENT_COLOR_NAME = AccentColor;
				CODE_SIGN_STYLE = Automatic;
				DEVELOPMENT_TEAM = NFVXYQ4HNX;
				INFOPLIST_FILE = Stock/Info.plist;
				LD_RUNPATH_SEARCH_PATHS = (
					"$(inherited)",
					"@executable_path/Frameworks",
				);
				PRODUCT_BUNDLE_IDENTIFIER = Kevin.Stock;
				PRODUCT_NAME = "$(TARGET_NAME)";
				SWIFT_VERSION = 5.0;
				TARGETED_DEVICE_FAMILY = "1,2";
			};
			name = Debug;
		};
		DBC93C742643E62E00213C0A /* Release */ = {
			isa = XCBuildConfiguration;
			baseConfigurationReference = 294E4F468CC04899CED6A988 /* Pods-Stock.release.xcconfig */;
			buildSettings = {
				ASSETCATALOG_COMPILER_APPICON_NAME = AppIcon;
				ASSETCATALOG_COMPILER_GLOBAL_ACCENT_COLOR_NAME = AccentColor;
				CODE_SIGN_STYLE = Automatic;
				DEVELOPMENT_TEAM = NFVXYQ4HNX;
				INFOPLIST_FILE = Stock/Info.plist;
				LD_RUNPATH_SEARCH_PATHS = (
					"$(inherited)",
					"@executable_path/Frameworks",
				);
				PRODUCT_BUNDLE_IDENTIFIER = Kevin.Stock;
				PRODUCT_NAME = "$(TARGET_NAME)";
				SWIFT_VERSION = 5.0;
				TARGETED_DEVICE_FAMILY = "1,2";
			};
			name = Release;
		};
/* End XCBuildConfiguration section */

/* Begin XCConfigurationList section */
		DBC93C592643E62800213C0A /* Build configuration list for PBXProject "Stock" */ = {
			isa = XCConfigurationList;
			buildConfigurations = (
				DBC93C702643E62E00213C0A /* Debug */,
				DBC93C712643E62E00213C0A /* Release */,
			);
			defaultConfigurationIsVisible = 0;
			defaultConfigurationName = Release;
		};
		DBC93C722643E62E00213C0A /* Build configuration list for PBXNativeTarget "Stock" */ = {
			isa = XCConfigurationList;
			buildConfigurations = (
				DBC93C732643E62E00213C0A /* Debug */,
				DBC93C742643E62E00213C0A /* Release */,
			);
			defaultConfigurationIsVisible = 0;
			defaultConfigurationName = Release;
		};
/* End XCConfigurationList section */
	};
	rootObject = DBC93C562643E62800213C0A /* Project object */;
}